
Microsoft Visual Studio Solution File, Format Version 12.00
# Visual Studio Version 17
VisualStudioVersion = 17.12.35527.113
MinimumVisualStudioVersion = 10.0.40219.1
Project("{FAE04EC0-301F-11D3-BF4B-00C04F79EFBC}") = "NZWalks.API", "NZWalksAPI\NZWalks.API.csproj", "{96347460-557E-4146-A04A-1154AC9832E1}"
EndProject
Project("{FAE04EC0-301F-11D3-BF4B-00C04F79EFBC}") = "NZWalks.UI", "NZWalks.UI\NZWalks.UI.csproj", "{7BA676F4-2AD9-48AF-86D3-727FDD561FC7}"
EndProject
Global
	GlobalSection(SolutionConfigurationPlatforms) = preSolution
		Debug|Any CPU = Debug|Any CPU
		Release|Any CPU = Release|Any CPU
	EndGlobalSection
	GlobalSection(ProjectConfigurationPlatforms) = postSolution
		{96347460-557E-4146-A04A-1154AC9832E1}.Debug|Any CPU.ActiveCfg = Debug|Any CPU
		{96347460-557E-4146-A04A-1154AC9832E1}.Debug|Any CPU.Build.0 = Debug|Any CPU
		{96347460-557E-4146-A04A-1154AC9832E1}.Release|Any CPU.ActiveCfg = Release|Any CPU
		{96347460-557E-4146-A04A-1154AC9832E1}.Release|Any CPU.Build.0 = Release|Any CPU
		{7BA676F4-2AD9-48AF-86D3-727FDD561FC7}.Debug|Any CPU.ActiveCfg = Debug|Any CPU
		{7BA676F4-2AD9-48AF-86D3-727FDD561FC7}.Debug|Any CPU.Build.0 = Debug|Any CPU
		{7BA676F4-2AD9-48AF-86D3-727FDD561FC7}.Release|Any CPU.ActiveCfg = Release|Any CPU
		{7BA676F4-2AD9-48AF-86D3-727FDD561FC7}.Release|Any CPU.Build.0 = Release|Any CPU
	EndGlobalSection
	GlobalSection(SolutionProperties) = preSolution
		HideSolutionNode = FALSE
	EndGlobalSection
EndGlobal
